
Microsoft Visual Studio Solution File, Format Version 12.00
# Visual Studio Version 17
VisualStudioVersion = 17.5.002.0
MinimumVisualStudioVersion = 10.0.40219.1
Project("{9A19103F-16F7-4668-BE54-9A1E7A4F7556}") = "trawler-csharp", "trawler-csharp.csproj", "{06B223EF-1A20-4A56-B712-7AF4839F4748}"
EndProject
Global
	GlobalSection(SolutionConfigurationPlatforms) = preSolution
		Debug|Any CPU = Debug|Any CPU
		Release|Any CPU = Release|Any CPU
		DebugCI|Any CPU = DebugCI|Any CPU
	EndGlobalSection
	GlobalSection(ProjectConfigurationPlatforms) = postSolution
		{06B223EF-1A20-4A56-B712-7AF4839F4748}.Debug|Any CPU.ActiveCfg = Debug|Any CPU
		{06B223EF-1A20-4A56-B712-7AF4839F4748}.Debug|Any CPU.Build.0 = Debug|Any CPU
		{06B223EF-1A20-4A56-B712-7AF4839F4748}.Release|Any CPU.ActiveCfg = Release|Any CPU
		{06B223EF-1A20-4A56-B712-7AF4839F4748}.Release|Any CPU.Build.0 = Release|Any CPU
		{06B223EF-1A20-4A56-B712-7AF4839F4748}.DebugCI|Any CPU.ActiveCfg = DebugCI|Any CPU
		{06B223EF-1A20-4A56-B712-7AF4839F4748}.DebugCI|Any CPU.Build.0 = DebugCI|Any CPU
		{06B223EF-1A20-4A56-B712-7AF4839F4748}.Release|Any CPU.Deploy.0 = Release|Any CPU
	EndGlobalSection
	GlobalSection(SolutionProperties) = preSolution
		HideSolutionNode = FALSE
	EndGlobalSection
	GlobalSection(ExtensibilityGlobals) = postSolution
		SolutionGuid = {5F721108-4796-4335-9C55-9E8E04D1B868}
	EndGlobalSection
EndGlobal
